// !$*UTF8*$!
{
	archiveVersion = 1;
	classes = {
	};
	objectVersion = 50;
	objects = {

/* Begin PBXBuildFile section */
		D48095B226683D540089AA60 /* AppDelegate.swift in Sources */ = {isa = PBXBuildFile; fileRef = D48095B126683D540089AA60 /* AppDelegate.swift */; };
		D48095B426683D540089AA60 /* SceneDelegate.swift in Sources */ = {isa = PBXBuildFile; fileRef = D48095B326683D540089AA60 /* SceneDelegate.swift */; };
		D48095B626683D540089AA60 /* ViewController.swift in Sources */ = {isa = PBXBuildFile; fileRef = D48095B526683D540089AA60 /* ViewController.swift */; };
		D48095B926683D540089AA60 /* Main.storyboard in Resources */ = {isa = PBXBuildFile; fileRef = D48095B726683D540089AA60 /* Main.storyboard */; };
		D48095BB26683D5C0089AA60 /* Assets.xcassets in Resources */ = {isa = PBXBuildFile; fileRef = D48095BA26683D5C0089AA60 /* Assets.xcassets */; };
		D48095BE26683D5C0089AA60 /* LaunchScreen.storyboard in Resources */ = {isa = PBXBuildFile; fileRef = D48095BC26683D5C0089AA60 /* LaunchScreen.storyboard */; };
		D48095C7266884EB0089AA60 /* ViaCEP.swift in Sources */ = {isa = PBXBuildFile; fileRef = D48095C6266884EB0089AA60 /* ViaCEP.swift */; };
		D48095CA266888D10089AA60 /* CEPSearch.swift in Sources */ = {isa = PBXBuildFile; fileRef = D48095C9266888D10089AA60 /* CEPSearch.swift */; };
/* End PBXBuildFile section */

/* Begin PBXFileReference section */
		D48095AE26683D540089AA60 /* cep-search.app */ = {isa = PBXFileReference; explicitFileType = wrapper.application; includeInIndex = 0; path = "cep-search.app"; sourceTree = BUILT_PRODUCTS_DIR; };
		D48095B126683D540089AA60 /* AppDelegate.swift */ = {isa = PBXFileReference; lastKnownFileType = sourcecode.swift; path = AppDelegate.swift; sourceTree = "<group>"; };
		D48095B326683D540089AA60 /* SceneDelegate.swift */ = {isa = PBXFileReference; lastKnownFileType = sourcecode.swift; path = SceneDelegate.swift; sourceTree = "<group>"; };
		D48095B526683D540089AA60 /* ViewController.swift */ = {isa = PBXFileReference; lastKnownFileType = sourcecode.swift; path = ViewController.swift; sourceTree = "<group>"; };
		D48095B826683D540089AA60 /* Base */ = {isa = PBXFileReference; lastKnownFileType = file.storyboard; name = Base; path = Base.lproj/Main.storyboard; sourceTree = "<group>"; };
		D48095BA26683D5C0089AA60 /* Assets.xcassets */ = {isa = PBXFileReference; lastKnownFileType = folder.assetcatalog; path = Assets.xcassets; sourceTree = "<group>"; };
		D48095BD26683D5C0089AA60 /* Base */ = {isa = PBXFileReference; lastKnownFileType = file.storyboard; name = Base; path = Base.lproj/LaunchScreen.storyboard; sourceTree = "<group>"; };
		D48095BF26683D5C0089AA60 /* Info.plist */ = {isa = PBXFileReference; lastKnownFileType = text.plist.xml; path = Info.plist; sourceTree = "<group>"; };
		D48095C6266884EB0089AA60 /* ViaCEP.swift */ = {isa = PBXFileReference; lastKnownFileType = sourcecode.swift; path = ViaCEP.swift; sourceTree = "<group>"; };
		D48095C9266888D10089AA60 /* CEPSearch.swift */ = {isa = PBXFileReference; lastKnownFileType = sourcecode.swift; path = CEPSearch.swift; sourceTree = "<group>"; };
/* End PBXFileReference section */

/* Begin PBXFrameworksBuildPhase section */
		D48095AB26683D540089AA60 /* Frameworks */ = {
			isa = PBXFrameworksBuildPhase;
			buildActionMask = 2147483647;
			files = (
			);
			runOnlyForDeploymentPostprocessing = 0;
		};
/* End PBXFrameworksBuildPhase section */

/* Begin PBXGroup section */
		D48095A526683D540089AA60 = {
			isa = PBXGroup;
			children = (
				D48095B026683D540089AA60 /* cep-search */,
				D48095AF26683D540089AA60 /* Products */,
			);
			sourceTree = "<group>";
		};
		D48095AF26683D540089AA60 /* Products */ = {
			isa = PBXGroup;
			children = (
				D48095AE26683D540089AA60 /* cep-search.app */,
			);
			name = Products;
			sourceTree = "<group>";
		};
		D48095B026683D540089AA60 /* cep-search */ = {
			isa = PBXGroup;
			children = (
				D48095B126683D540089AA60 /* AppDelegate.swift */,
				D48095B326683D540089AA60 /* SceneDelegate.swift */,
				D48095B526683D540089AA60 /* ViewController.swift */,
				D48095B726683D540089AA60 /* Main.storyboard */,
				D48095BA26683D5C0089AA60 /* Assets.xcassets */,
				D48095BC26683D5C0089AA60 /* LaunchScreen.storyboard */,
				D48095BF26683D5C0089AA60 /* Info.plist */,
				D48095C6266884EB0089AA60 /* ViaCEP.swift */,
				D48095C9266888D10089AA60 /* CEPSearch.swift */,
			);
			path = "cep-search";
			sourceTree = "<group>";
		};
/* End PBXGroup section */

/* Begin PBXNativeTarget section */
		D48095AD26683D540089AA60 /* cep-search */ = {
			isa = PBXNativeTarget;
			buildConfigurationList = D48095C226683D5C0089AA60 /* Build configuration list for PBXNativeTarget "cep-search" */;
			buildPhases = (
				D48095AA26683D540089AA60 /* Sources */,
				D48095AB26683D540089AA60 /* Frameworks */,
				D48095AC26683D540089AA60 /* Resources */,
			);
			buildRules = (
			);
			dependencies = (
			);
			name = "cep-search";
			productName = "cep-search";
			productReference = D48095AE26683D540089AA60 /* cep-search.app */;
			productType = "com.apple.product-type.application";
		};
/* End PBXNativeTarget section */

/* Begin PBXProject section */
		D48095A626683D540089AA60 /* Project object */ = {
			isa = PBXProject;
			attributes = {
				LastSwiftUpdateCheck = 1240;
				LastUpgradeCheck = 1240;
				TargetAttributes = {
					D48095AD26683D540089AA60 = {
						CreatedOnToolsVersion = 12.4;
					};
				};
			};
			buildConfigurationList = D48095A926683D540089AA60 /* Build configuration list for PBXProject "cep-search" */;
			compatibilityVersion = "Xcode 9.3";
			developmentRegion = en;
			hasScannedForEncodings = 0;
			knownRegions = (
				en,
				Base,
			);
			mainGroup = D48095A526683D540089AA60;
			productRefGroup = D48095AF26683D540089AA60 /* Products */;
			projectDirPath = "";
			projectRoot = "";
			targets = (
				D48095AD26683D540089AA60 /* cep-search */,
			);
		};
/* End PBXProject section */

/* Begin PBXResourcesBuildPhase section */
		D48095AC26683D540089AA60 /* Resources */ = {
			isa = PBXResourcesBuildPhase;
			buildActionMask = 2147483647;
			files = (
				D48095BE26683D5C0089AA60 /* LaunchScreen.storyboard in Resources */,
				D48095BB26683D5C0089AA60 /* Assets.xcassets in Resources */,
				D48095B926683D540089AA60 /* Main.storyboard in Resources */,
			);
			runOnlyForDeploymentPostprocessing = 0;
		};
/* End PBXResourcesBuildPhase section */

/* Begin PBXSourcesBuildPhase section */
		D48095AA26683D540089AA60 /* Sources */ = {
			isa = PBXSourcesBuildPhase;
			buildActionMask = 2147483647;
			files = (
				D48095B626683D540089AA60 /* ViewController.swift in Sources */,
				D48095CA266888D10089AA60 /* CEPSearch.swift in Sources */,
				D48095B226683D540089AA60 /* AppDelegate.swift in Sources */,
				D48095B426683D540089AA60 /* SceneDelegate.swift in Sources */,
				D48095C7266884EB0089AA60 /* ViaCEP.swift in Sources */,
			);
			runOnlyForDeploymentPostprocessing = 0;
		};
/* End PBXSourcesBuildPhase section */

/* Begin PBXVariantGroup section */
		D48095B726683D540089AA60 /* Main.storyboard */ = {
			isa = PBXVariantGroup;
			children = (
				D48095B826683D540089AA60 /* Base */,
			);
			name = Main.storyboard;
			sourceTree = "<group>";
		};
		D48095BC26683D5C0089AA60 /* LaunchScreen.storyboard */ = {
			isa = PBXVariantGroup;
			children = (
				D48095BD26683D5C0089AA60 /* Base */,
			);
			name = LaunchScreen.storyboard;
			sourceTree = "<group>";
		};
/* End PBXVariantGroup section */

/* Begin XCBuildConfiguration section */
		D48095C026683D5C0089AA60 /* Debug */ = {
			isa = XCBuildConfiguration;
			buildSettings = {
				ALWAYS_SEARCH_USER_PATHS = NO;
				CLANG_ANALYZER_NONNULL = YES;
				CLANG_ANALYZER_NUMBER_OBJECT_CONVERSION = YES_AGGRESSIVE;
				CLANG_CXX_LANGUAGE_STANDARD = "gnu++14";
				CLANG_CXX_LIBRARY = "libc++";
				CLANG_ENABLE_MODULES = YES;
				CLANG_ENABLE_OBJC_ARC = YES;
				CLANG_ENABLE_OBJC_WEAK = YES;
				CLANG_WARN_BLOCK_CAPTURE_AUTORELEASING = YES;
				CLANG_WARN_BOOL_CONVERSION = YES;
				CLANG_WARN_COMMA = YES;
				CLANG_WARN_CONSTANT_CONVERSION = YES;
				CLANG_WARN_DEPRECATED_OBJC_IMPLEMENTATIONS = YES;
				CLANG_WARN_DIRECT_OBJC_ISA_USAGE = YES_ERROR;
				CLANG_WARN_DOCUMENTATION_COMMENTS = YES;
				CLANG_WARN_EMPTY_BODY = YES;
				CLANG_WARN_ENUM_CONVERSION = YES;
				CLANG_WARN_INFINITE_RECURSION = YES;
				CLANG_WARN_INT_CONVERSION = YES;
				CLANG_WARN_NON_LITERAL_NULL_CONVERSION = YES;
				CLANG_WARN_OBJC_IMPLICIT_RETAIN_SELF = YES;
				CLANG_WARN_OBJC_LITERAL_CONVERSION = YES;
				CLANG_WARN_OBJC_ROOT_CLASS = YES_ERROR;
				CLANG_WARN_QUOTED_INCLUDE_IN_FRAMEWORK_HEADER = YES;
				CLANG_WARN_RANGE_LOOP_ANALYSIS = YES;
				CLANG_WARN_STRICT_PROTOTYPES = YES;
				CLANG_WARN_SUSPICIOUS_MOVE = YES;
				CLANG_WARN_UNGUARDED_AVAILABILITY = YES_AGGRESSIVE;
				CLANG_WARN_UNREACHABLE_CODE = YES;
				CLANG_WARN__DUPLICATE_METHOD_MATCH = YES;
				COPY_PHASE_STRIP = NO;
				DEBUG_INFORMATION_FORMAT = dwarf;
				ENABLE_STRICT_OBJC_MSGSEND = YES;
				ENABLE_TESTABILITY = YES;
				GCC_C_LANGUAGE_STANDARD = gnu11;
				GCC_DYNAMIC_NO_PIC = NO;
				GCC_NO_COMMON_BLOCKS = YES;
				GCC_OPTIMIZATION_LEVEL = 0;
				GCC_PREPROCESSOR_DEFINITIONS = (
					"DEBUG=1",
					"$(inherited)",
				);
				GCC_WARN_64_TO_32_BIT_CONVERSION = YES;
				GCC_WARN_ABOUT_RETURN_TYPE = YES_ERROR;
				GCC_WARN_UNDECLARED_SELECTOR = YES;
				GCC_WARN_UNINITIALIZED_AUTOS = YES_AGGRESSIVE;
				GCC_WARN_UNUSED_FUNCTION = YES;
				GCC_WARN_UNUSED_VARIABLE = YES;
				IPHONEOS_DEPLOYMENT_TARGET = 14.4;
				MTL_ENABLE_DEBUG_INFO = INCLUDE_SOURCE;
				MTL_FAST_MATH = YES;
				ONLY_ACTIVE_ARCH = YES;
				SDKROOT = iphoneos;
				SWIFT_ACTIVE_COMPILATION_CONDITIONS = DEBUG;
				SWIFT_OPTIMIZATION_LEVEL = "-Onone";
			};
			name = Debug;
		};
		D48095C126683D5C0089AA60 /* Release */ = {
			isa = XCBuildConfiguration;
			buildSettings = {
				ALWAYS_SEARCH_USER_PATHS = NO;
				CLANG_ANALYZER_NONNULL = YES;
				CLANG_ANALYZER_NUMBER_OBJECT_CONVERSION = YES_AGGRESSIVE;
				CLANG_CXX_LANGUAGE_STANDARD = "gnu++14";
				CLANG_CXX_LIBRARY = "libc++";
				CLANG_ENABLE_MODULES = YES;
				CLANG_ENABLE_OBJC_ARC = YES;
				CLANG_ENABLE_OBJC_WEAK = YES;
				CLANG_WARN_BLOCK_CAPTURE_AUTORELEASING = YES;
				CLANG_WARN_BOOL_CONVERSION = YES;
				CLANG_WARN_COMMA = YES;
				CLANG_WARN_CONSTANT_CONVERSION = YES;
				CLANG_WARN_DEPRECATED_OBJC_IMPLEMENTATIONS = YES;
				CLANG_WARN_DIRECT_OBJC_ISA_USAGE = YES_ERROR;
				CLANG_WARN_DOCUMENTATION_COMMENTS = YES;
				CLANG_WARN_EMPTY_BODY = YES;
				CLANG_WARN_ENUM_CONVERSION = YES;
				CLANG_WARN_INFINITE_RECURSION = YES;
				CLANG_WARN_INT_CONVERSION = YES;
				CLANG_WARN_NON_LITERAL_NULL_CONVERSION = YES;
				CLANG_WARN_OBJC_IMPLICIT_RETAIN_SELF = YES;
				CLANG_WARN_OBJC_LITERAL_CONVERSION = YES;
				CLANG_WARN_OBJC_ROOT_CLASS = YES_ERROR;
				CLANG_WARN_QUOTED_INCLUDE_IN_FRAMEWORK_HEADER = YES;
				CLANG_WARN_RANGE_LOOP_ANALYSIS = YES;
				CLANG_WARN_STRICT_PROTOTYPES = YES;
				CLANG_WARN_SUSPICIOUS_MOVE = YES;
				CLANG_WARN_UNGUARDED_AVAILABILITY = YES_AGGRESSIVE;
				CLANG_WARN_UNREACHABLE_CODE = YES;
				CLANG_WARN__DUPLICATE_METHOD_MATCH = YES;
				COPY_PHASE_STRIP = NO;
				DEBUG_INFORMATION_FORMAT = "dwarf-with-dsym";
				ENABLE_NS_ASSERTIONS = NO;
				ENABLE_STRICT_OBJC_MSGSEND = YES;
				GCC_C_LANGUAGE_STANDARD = gnu11;
				GCC_NO_COMMON_BLOCKS = YES;
				GCC_WARN_64_TO_32_BIT_CONVERSION = YES;
				GCC_WARN_ABOUT_RETURN_TYPE = YES_ERROR;
				GCC_WARN_UNDECLARED_SELECTOR = YES;
				GCC_WARN_UNINITIALIZED_AUTOS = YES_AGGRESSIVE;
				GCC_WARN_UNUSED_FUNCTION = YES;
				GCC_WARN_UNUSED_VARIABLE = YES;
				IPHONEOS_DEPLOYMENT_TARGET = 14.4;
				MTL_ENABLE_DEBUG_INFO = NO;
				MTL_FAST_MATH = YES;
				SDKROOT = iphoneos;
				SWIFT_COMPILATION_MODE = wholemodule;
				SWIFT_OPTIMIZATION_LEVEL = "-O";
				VALIDATE_PRODUCT = YES;
			};
			name = Release;
		};
		D48095C326683D5C0089AA60 /* Debug */ = {
			isa = XCBuildConfiguration;
			buildSettings = {
				ASSETCATALOG_COMPILER_APPICON_NAME = AppIcon;
				ASSETCATALOG_COMPILER_GLOBAL_ACCENT_COLOR_NAME = AccentColor;
				CODE_SIGN_STYLE = Automatic;
				DEVELOPMENT_TEAM = 2PK3AK39ZD;
				INFOPLIST_FILE = "cep-search/Info.plist";
				LD_RUNPATH_SEARCH_PATHS = (
					"$(inherited)",
					"@executable_path/Frameworks",
				);
				PRODUCT_BUNDLE_IDENTIFIER = "FilipeSouza.cep-search";
				PRODUCT_NAME = "$(TARGET_NAME)";
				SWIFT_VERSION = 5.0;
				TARGETED_DEVICE_FAMILY = "1,2";
			};
			name = Debug;
		};
		D48095C426683D5C0089AA60 /* Release */ = {
			isa = XCBuildConfiguration;
			buildSettings = {
				ASSETCATALOG_COMPILER_APPICON_NAME = AppIcon;
				ASSETCATALOG_COMPILER_GLOBAL_ACCENT_COLOR_NAME = AccentColor;
				CODE_SIGN_STYLE = Automatic;
				DEVELOPMENT_TEAM = 2PK3AK39ZD;
				INFOPLIST_FILE = "cep-search/Info.plist";
				LD_RUNPATH_SEARCH_PATHS = (
					"$(inherited)",
					"@executable_path/Frameworks",
				);
				PRODUCT_BUNDLE_IDENTIFIER = "FilipeSouza.cep-search";
				PRODUCT_NAME = "$(TARGET_NAME)";
				SWIFT_VERSION = 5.0;
				TARGETED_DEVICE_FAMILY = "1,2";
			};
			name = Release;
		};
/* End XCBuildConfiguration section */

/* Begin XCConfigurationList section */
		D48095A926683D540089AA60 /* Build configuration list for PBXProject "cep-search" */ = {
			isa = XCConfigurationList;
			buildConfigurations = (
				D48095C026683D5C0089AA60 /* Debug */,
				D48095C126683D5C0089AA60 /* Release */,
			);
			defaultConfigurationIsVisible = 0;
			defaultConfigurationName = Release;
		};
		D48095C226683D5C0089AA60 /* Build configuration list for PBXNativeTarget "cep-search" */ = {
			isa = XCConfigurationList;
			buildConfigurations = (
				D48095C326683D5C0089AA60 /* Debug */,
				D48095C426683D5C0089AA60 /* Release */,
			);
			defaultConfigurationIsVisible = 0;
			defaultConfigurationName = Release;
		};
/* End XCConfigurationList section */
	};
	rootObject = D48095A626683D540089AA60 /* Project object */;
}
